
Microsoft Visual Studio Solution File, Format Version 12.00
# Visual Studio Version 17
VisualStudioVersion = 17.7.34302.85
MinimumVisualStudioVersion = 10.0.40219.1
Project("{FAE04EC0-301F-11D3-BF4B-00C04F79EFBC}") = "GenerateReport", "WindowsFormsApp1\GenerateReport.csproj", "{0B9D1CA8-18B5-4F2B-90FA-8F74A00A652C}"
EndProject
Global
	GlobalSection(SolutionConfigurationPlatforms) = preSolution
		Debug|Any CPU = Debug|Any CPU
		Release|Any CPU = Release|Any CPU
	EndGlobalSection
	GlobalSection(ProjectConfigurationPlatforms) = postSolution
		{0B9D1CA8-18B5-4F2B-90FA-8F74A00A652C}.Debug|Any CPU.ActiveCfg = Debug|Any CPU
		{0B9D1CA8-18B5-4F2B-90FA-8F74A00A652C}.Debug|Any CPU.Build.0 = Debug|Any CPU
		{0B9D1CA8-18B5-4F2B-90FA-8F74A00A652C}.Release|Any CPU.ActiveCfg = Release|Any CPU
		{0B9D1CA8-18B5-4F2B-90FA-8F74A00A652C}.Release|Any CPU.Build.0 = Release|Any CPU
	EndGlobalSection
	GlobalSection(SolutionProperties) = preSolution
		HideSolutionNode = FALSE
	EndGlobalSection
	GlobalSection(ExtensibilityGlobals) = postSolution
		SolutionGuid = {5750E738-B456-422C-97F6-7E7FC7F481AC}
	EndGlobalSection
EndGlobal
